// !$*UTF8*$!
{
	archiveVersion = 1;
	classes = {
	};
	objectVersion = 55;
	objects = {

/* Begin PBXBuildFile section */
		9B0BC85D28D442EA00216482 /* AppDelegate.swift in Sources */ = {isa = PBXBuildFile; fileRef = 9B0BC85C28D442EA00216482 /* AppDelegate.swift */; };
		9B0BC85F28D442EA00216482 /* SceneDelegate.swift in Sources */ = {isa = PBXBuildFile; fileRef = 9B0BC85E28D442EA00216482 /* SceneDelegate.swift */; };
		9B0BC86128D442EA00216482 /* ViewController.swift in Sources */ = {isa = PBXBuildFile; fileRef = 9B0BC86028D442EA00216482 /* ViewController.swift */; };
		9B0BC86428D442EA00216482 /* Main.storyboard in Resources */ = {isa = PBXBuildFile; fileRef = 9B0BC86228D442EA00216482 /* Main.storyboard */; };
		9B0BC86728D442EA00216482 /* NewProyectTvShow.xcdatamodeld in Sources */ = {isa = PBXBuildFile; fileRef = 9B0BC86528D442EA00216482 /* NewProyectTvShow.xcdatamodeld */; };
		9B0BC86928D442EB00216482 /* Assets.xcassets in Resources */ = {isa = PBXBuildFile; fileRef = 9B0BC86828D442EB00216482 /* Assets.xcassets */; };
		9B0BC86C28D442EB00216482 /* LaunchScreen.storyboard in Resources */ = {isa = PBXBuildFile; fileRef = 9B0BC86A28D442EB00216482 /* LaunchScreen.storyboard */; };
		9B0BC87728D442EB00216482 /* NewProyectTvShowTests.swift in Sources */ = {isa = PBXBuildFile; fileRef = 9B0BC87628D442EB00216482 /* NewProyectTvShowTests.swift */; };
		9B0BC88128D442EB00216482 /* NewProyectTvShowUITests.swift in Sources */ = {isa = PBXBuildFile; fileRef = 9B0BC88028D442EB00216482 /* NewProyectTvShowUITests.swift */; };
		9B0BC88328D442EB00216482 /* NewProyectTvShowUITestsLaunchTests.swift in Sources */ = {isa = PBXBuildFile; fileRef = 9B0BC88228D442EB00216482 /* NewProyectTvShowUITestsLaunchTests.swift */; };
		9B0BC89228D4439100216482 /* BarlowCondensed-Bold.ttf in Resources */ = {isa = PBXBuildFile; fileRef = 9B0BC89128D4439100216482 /* BarlowCondensed-Bold.ttf */; };
		9B0BC89528D443B700216482 /* logoTvShow.png in Resources */ = {isa = PBXBuildFile; fileRef = 9B0BC89428D443B700216482 /* logoTvShow.png */; };
		9B4411ED28D50F070015772F /* RequestShow.swift in Sources */ = {isa = PBXBuildFile; fileRef = 9B4411EC28D50F070015772F /* RequestShow.swift */; };
		9B4411F528D514E70015772F /* TableViewCellShow.swift in Sources */ = {isa = PBXBuildFile; fileRef = 9B4411F328D514E70015772F /* TableViewCellShow.swift */; };
		9B4411F628D514E70015772F /* TableViewCellShow.xib in Resources */ = {isa = PBXBuildFile; fileRef = 9B4411F428D514E70015772F /* TableViewCellShow.xib */; };
		9B4411FC28D7F4800015772F /* Protocol.swift in Sources */ = {isa = PBXBuildFile; fileRef = 9B4411FB28D7F4800015772F /* Protocol.swift */; };
		9B4411FE28D7F6EC0015772F /* FavoritesViewController.swift in Sources */ = {isa = PBXBuildFile; fileRef = 9B4411FD28D7F6EC0015772F /* FavoritesViewController.swift */; };
		9B44120228D7F9000015772F /* TableViewCellFavorites.swift in Sources */ = {isa = PBXBuildFile; fileRef = 9B44120028D7F9000015772F /* TableViewCellFavorites.swift */; };
		9B44120328D7F9000015772F /* TableViewCellFavorites.xib in Resources */ = {isa = PBXBuildFile; fileRef = 9B44120128D7F9000015772F /* TableViewCellFavorites.xib */; };
/* End PBXBuildFile section */

/* Begin PBXContainerItemProxy section */
		9B0BC87328D442EB00216482 /* PBXContainerItemProxy */ = {
			isa = PBXContainerItemProxy;
			containerPortal = 9B0BC85128D442EA00216482 /* Project object */;
			proxyType = 1;
			remoteGlobalIDString = 9B0BC85828D442EA00216482;
			remoteInfo = NewProyectTvShow;
		};
		9B0BC87D28D442EB00216482 /* PBXContainerItemProxy */ = {
			isa = PBXContainerItemProxy;
			containerPortal = 9B0BC85128D442EA00216482 /* Project object */;
			proxyType = 1;
			remoteGlobalIDString = 9B0BC85828D442EA00216482;
			remoteInfo = NewProyectTvShow;
		};
/* End PBXContainerItemProxy section */

/* Begin PBXFileReference section */
		9B0BC85928D442EA00216482 /* NewProyectTvShow.app */ = {isa = PBXFileReference; explicitFileType = wrapper.application; includeInIndex = 0; path = NewProyectTvShow.app; sourceTree = BUILT_PRODUCTS_DIR; };
		9B0BC85C28D442EA00216482 /* AppDelegate.swift */ = {isa = PBXFileReference; lastKnownFileType = sourcecode.swift; path = AppDelegate.swift; sourceTree = "<group>"; };
		9B0BC85E28D442EA00216482 /* SceneDelegate.swift */ = {isa = PBXFileReference; lastKnownFileType = sourcecode.swift; path = SceneDelegate.swift; sourceTree = "<group>"; };
		9B0BC86028D442EA00216482 /* ViewController.swift */ = {isa = PBXFileReference; lastKnownFileType = sourcecode.swift; path = ViewController.swift; sourceTree = "<group>"; };
		9B0BC86328D442EA00216482 /* Base */ = {isa = PBXFileReference; lastKnownFileType = file.storyboard; name = Base; path = Base.lproj/Main.storyboard; sourceTree = "<group>"; };
		9B0BC86628D442EA00216482 /* NewProyectTvShow.xcdatamodel */ = {isa = PBXFileReference; lastKnownFileType = wrapper.xcdatamodel; path = NewProyectTvShow.xcdatamodel; sourceTree = "<group>"; };
		9B0BC86828D442EB00216482 /* Assets.xcassets */ = {isa = PBXFileReference; lastKnownFileType = folder.assetcatalog; path = Assets.xcassets; sourceTree = "<group>"; };
		9B0BC86B28D442EB00216482 /* Base */ = {isa = PBXFileReference; lastKnownFileType = file.storyboard; name = Base; path = Base.lproj/LaunchScreen.storyboard; sourceTree = "<group>"; };
		9B0BC86D28D442EB00216482 /* Info.plist */ = {isa = PBXFileReference; lastKnownFileType = text.plist.xml; path = Info.plist; sourceTree = "<group>"; };
		9B0BC87228D442EB00216482 /* NewProyectTvShowTests.xctest */ = {isa = PBXFileReference; explicitFileType = wrapper.cfbundle; includeInIndex = 0; path = NewProyectTvShowTests.xctest; sourceTree = BUILT_PRODUCTS_DIR; };
		9B0BC87628D442EB00216482 /* NewProyectTvShowTests.swift */ = {isa = PBXFileReference; lastKnownFileType = sourcecode.swift; path = NewProyectTvShowTests.swift; sourceTree = "<group>"; };
		9B0BC87C28D442EB00216482 /* NewProyectTvShowUITests.xctest */ = {isa = PBXFileReference; explicitFileType = wrapper.cfbundle; includeInIndex = 0; path = NewProyectTvShowUITests.xctest; sourceTree = BUILT_PRODUCTS_DIR; };
		9B0BC88028D442EB00216482 /* NewProyectTvShowUITests.swift */ = {isa = PBXFileReference; lastKnownFileType = sourcecode.swift; path = NewProyectTvShowUITests.swift; sourceTree = "<group>"; };
		9B0BC88228D442EB00216482 /* NewProyectTvShowUITestsLaunchTests.swift */ = {isa = PBXFileReference; lastKnownFileType = sourcecode.swift; path = NewProyectTvShowUITestsLaunchTests.swift; sourceTree = "<group>"; };
		9B0BC89128D4439100216482 /* BarlowCondensed-Bold.ttf */ = {isa = PBXFileReference; lastKnownFileType = file; path = "BarlowCondensed-Bold.ttf"; sourceTree = "<group>"; };
		9B0BC89428D443B700216482 /* logoTvShow.png */ = {isa = PBXFileReference; lastKnownFileType = image.png; path = logoTvShow.png; sourceTree = "<group>"; };
		9B4411EC28D50F070015772F /* RequestShow.swift */ = {isa = PBXFileReference; lastKnownFileType = sourcecode.swift; path = RequestShow.swift; sourceTree = "<group>"; };
		9B4411F328D514E70015772F /* TableViewCellShow.swift */ = {isa = PBXFileReference; lastKnownFileType = sourcecode.swift; path = TableViewCellShow.swift; sourceTree = "<group>"; };
		9B4411F428D514E70015772F /* TableViewCellShow.xib */ = {isa = PBXFileReference; lastKnownFileType = file.xib; path = TableViewCellShow.xib; sourceTree = "<group>"; };
		9B4411FB28D7F4800015772F /* Protocol.swift */ = {isa = PBXFileReference; lastKnownFileType = sourcecode.swift; path = Protocol.swift; sourceTree = "<group>"; };
		9B4411FD28D7F6EC0015772F /* FavoritesViewController.swift */ = {isa = PBXFileReference; lastKnownFileType = sourcecode.swift; path = FavoritesViewController.swift; sourceTree = "<group>"; };
		9B44120028D7F9000015772F /* TableViewCellFavorites.swift */ = {isa = PBXFileReference; lastKnownFileType = sourcecode.swift; path = TableViewCellFavorites.swift; sourceTree = "<group>"; };
		9B44120128D7F9000015772F /* TableViewCellFavorites.xib */ = {isa = PBXFileReference; lastKnownFileType = file.xib; path = TableViewCellFavorites.xib; sourceTree = "<group>"; };
/* End PBXFileReference section */

/* Begin PBXFrameworksBuildPhase section */
		9B0BC85628D442EA00216482 /* Frameworks */ = {
			isa = PBXFrameworksBuildPhase;
			buildActionMask = 2147483647;
			files = (
			);
			runOnlyForDeploymentPostprocessing = 0;
		};
		9B0BC86F28D442EB00216482 /* Frameworks */ = {
			isa = PBXFrameworksBuildPhase;
			buildActionMask = 2147483647;
			files = (
			);
			runOnlyForDeploymentPostprocessing = 0;
		};
		9B0BC87928D442EB00216482 /* Frameworks */ = {
			isa = PBXFrameworksBuildPhase;
			buildActionMask = 2147483647;
			files = (
			);
			runOnlyForDeploymentPostprocessing = 0;
		};
/* End PBXFrameworksBuildPhase section */

/* Begin PBXGroup section */
		9B0BC85028D442EA00216482 = {
			isa = PBXGroup;
			children = (
				9B0BC85B28D442EA00216482 /* NewProyectTvShow */,
				9B0BC87528D442EB00216482 /* NewProyectTvShowTests */,
				9B0BC87F28D442EB00216482 /* NewProyectTvShowUITests */,
				9B0BC85A28D442EA00216482 /* Products */,
			);
			sourceTree = "<group>";
		};
		9B0BC85A28D442EA00216482 /* Products */ = {
			isa = PBXGroup;
			children = (
				9B0BC85928D442EA00216482 /* NewProyectTvShow.app */,
				9B0BC87228D442EB00216482 /* NewProyectTvShowTests.xctest */,
				9B0BC87C28D442EB00216482 /* NewProyectTvShowUITests.xctest */,
			);
			name = Products;
			sourceTree = "<group>";
		};
		9B0BC85B28D442EA00216482 /* NewProyectTvShow */ = {
			isa = PBXGroup;
			children = (
				9B3FFF9D28D971DB001ABA76 /* Views */,
				9B3FFF9C28D9717A001ABA76 /* Controllers */,
				9B4411EB28D50EF30015772F /* Request */,
				9B0BC88F28D4435100216482 /* Resources */,
				9B0BC85C28D442EA00216482 /* AppDelegate.swift */,
				9B0BC85E28D442EA00216482 /* SceneDelegate.swift */,
				9B0BC86A28D442EB00216482 /* LaunchScreen.storyboard */,
				9B0BC86D28D442EB00216482 /* Info.plist */,
				9B0BC86528D442EA00216482 /* NewProyectTvShow.xcdatamodeld */,
			);
			path = NewProyectTvShow;
			sourceTree = "<group>";
		};
		9B0BC87528D442EB00216482 /* NewProyectTvShowTests */ = {
			isa = PBXGroup;
			children = (
				9B0BC87628D442EB00216482 /* NewProyectTvShowTests.swift */,
			);
			path = NewProyectTvShowTests;
			sourceTree = "<group>";
		};
		9B0BC87F28D442EB00216482 /* NewProyectTvShowUITests */ = {
			isa = PBXGroup;
			children = (
				9B0BC88028D442EB00216482 /* NewProyectTvShowUITests.swift */,
				9B0BC88228D442EB00216482 /* NewProyectTvShowUITestsLaunchTests.swift */,
			);
			path = NewProyectTvShowUITests;
			sourceTree = "<group>";
		};
		9B0BC88F28D4435100216482 /* Resources */ = {
			isa = PBXGroup;
			children = (
				9B0BC89328D443A800216482 /* Images */,
				9B0BC89028D4436900216482 /* Fonts */,
			);
			path = Resources;
			sourceTree = "<group>";
		};
		9B0BC89028D4436900216482 /* Fonts */ = {
			isa = PBXGroup;
			children = (
				9B0BC89128D4439100216482 /* BarlowCondensed-Bold.ttf */,
			);
			path = Fonts;
			sourceTree = "<group>";
		};
		9B0BC89328D443A800216482 /* Images */ = {
			isa = PBXGroup;
			children = (
				9B0BC86828D442EB00216482 /* Assets.xcassets */,
				9B0BC89428D443B700216482 /* logoTvShow.png */,
			);
			path = Images;
			sourceTree = "<group>";
		};
		9B3FFF9C28D9717A001ABA76 /* Controllers */ = {
			isa = PBXGroup;
			children = (
				9B4411FD28D7F6EC0015772F /* FavoritesViewController.swift */,
				9B44120028D7F9000015772F /* TableViewCellFavorites.swift */,
				9B0BC86028D442EA00216482 /* ViewController.swift */,
				9B4411F328D514E70015772F /* TableViewCellShow.swift */,
			);
			path = Controllers;
			sourceTree = "<group>";
		};
		9B3FFF9D28D971DB001ABA76 /* Views */ = {
			isa = PBXGroup;
			children = (
				9B4411F428D514E70015772F /* TableViewCellShow.xib */,
				9B0BC86228D442EA00216482 /* Main.storyboard */,
				9B44120128D7F9000015772F /* TableViewCellFavorites.xib */,
			);
			path = Views;
			sourceTree = "<group>";
		};
		9B4411EB28D50EF30015772F /* Request */ = {
			isa = PBXGroup;
			children = (
				9B4411FB28D7F4800015772F /* Protocol.swift */,
				9B4411EC28D50F070015772F /* RequestShow.swift */,
			);
			path = Request;
			sourceTree = "<group>";
		};
/* End PBXGroup section */

/* Begin PBXNativeTarget section */
		9B0BC85828D442EA00216482 /* NewProyectTvShow */ = {
			isa = PBXNativeTarget;
			buildConfigurationList = 9B0BC88628D442EB00216482 /* Build configuration list for PBXNativeTarget "NewProyectTvShow" */;
			buildPhases = (
				9B0BC85528D442EA00216482 /* Sources */,
				9B0BC85628D442EA00216482 /* Frameworks */,
				9B0BC85728D442EA00216482 /* Resources */,
			);
			buildRules = (
			);
			dependencies = (
			);
			name = NewProyectTvShow;
			productName = NewProyectTvShow;
			productReference = 9B0BC85928D442EA00216482 /* NewProyectTvShow.app */;
			productType = "com.apple.product-type.application";
		};
		9B0BC87128D442EB00216482 /* NewProyectTvShowTests */ = {
			isa = PBXNativeTarget;
			buildConfigurationList = 9B0BC88928D442EB00216482 /* Build configuration list for PBXNativeTarget "NewProyectTvShowTests" */;
			buildPhases = (
				9B0BC86E28D442EB00216482 /* Sources */,
				9B0BC86F28D442EB00216482 /* Frameworks */,
				9B0BC87028D442EB00216482 /* Resources */,
			);
			buildRules = (
			);
			dependencies = (
				9B0BC87428D442EB00216482 /* PBXTargetDependency */,
			);
			name = NewProyectTvShowTests;
			productName = NewProyectTvShowTests;
			productReference = 9B0BC87228D442EB00216482 /* NewProyectTvShowTests.xctest */;
			productType = "com.apple.product-type.bundle.unit-test";
		};
		9B0BC87B28D442EB00216482 /* NewProyectTvShowUITests */ = {
			isa = PBXNativeTarget;
			buildConfigurationList = 9B0BC88C28D442EB00216482 /* Build configuration list for PBXNativeTarget "NewProyectTvShowUITests" */;
			buildPhases = (
				9B0BC87828D442EB00216482 /* Sources */,
				9B0BC87928D442EB00216482 /* Frameworks */,
				9B0BC87A28D442EB00216482 /* Resources */,
			);
			buildRules = (
			);
			dependencies = (
				9B0BC87E28D442EB00216482 /* PBXTargetDependency */,
			);
			name = NewProyectTvShowUITests;
			productName = NewProyectTvShowUITests;
			productReference = 9B0BC87C28D442EB00216482 /* NewProyectTvShowUITests.xctest */;
			productType = "com.apple.product-type.bundle.ui-testing";
		};
/* End PBXNativeTarget section */

/* Begin PBXProject section */
		9B0BC85128D442EA00216482 /* Project object */ = {
			isa = PBXProject;
			attributes = {
				BuildIndependentTargetsInParallel = 1;
				LastSwiftUpdateCheck = 1340;
				LastUpgradeCheck = 1340;
				TargetAttributes = {
					9B0BC85828D442EA00216482 = {
						CreatedOnToolsVersion = 13.4.1;
					};
					9B0BC87128D442EB00216482 = {
						CreatedOnToolsVersion = 13.4.1;
						TestTargetID = 9B0BC85828D442EA00216482;
					};
					9B0BC87B28D442EB00216482 = {
						CreatedOnToolsVersion = 13.4.1;
						TestTargetID = 9B0BC85828D442EA00216482;
					};
				};
			};
			buildConfigurationList = 9B0BC85428D442EA00216482 /* Build configuration list for PBXProject "NewProyectTvShow" */;
			compatibilityVersion = "Xcode 13.0";
			developmentRegion = en;
			hasScannedForEncodings = 0;
			knownRegions = (
				en,
				Base,
			);
			mainGroup = 9B0BC85028D442EA00216482;
			productRefGroup = 9B0BC85A28D442EA00216482 /* Products */;
			projectDirPath = "";
			projectRoot = "";
			targets = (
				9B0BC85828D442EA00216482 /* NewProyectTvShow */,
				9B0BC87128D442EB00216482 /* NewProyectTvShowTests */,
				9B0BC87B28D442EB00216482 /* NewProyectTvShowUITests */,
			);
		};
/* End PBXProject section */

/* Begin PBXResourcesBuildPhase section */
		9B0BC85728D442EA00216482 /* Resources */ = {
			isa = PBXResourcesBuildPhase;
			buildActionMask = 2147483647;
			files = (
				9B0BC89228D4439100216482 /* BarlowCondensed-Bold.ttf in Resources */,
				9B44120328D7F9000015772F /* TableViewCellFavorites.xib in Resources */,
				9B0BC86C28D442EB00216482 /* LaunchScreen.storyboard in Resources */,
				9B4411F628D514E70015772F /* TableViewCellShow.xib in Resources */,
				9B0BC86928D442EB00216482 /* Assets.xcassets in Resources */,
				9B0BC89528D443B700216482 /* logoTvShow.png in Resources */,
				9B0BC86428D442EA00216482 /* Main.storyboard in Resources */,
			);
			runOnlyForDeploymentPostprocessing = 0;
		};
		9B0BC87028D442EB00216482 /* Resources */ = {
			isa = PBXResourcesBuildPhase;
			buildActionMask = 2147483647;
			files = (
			);
			runOnlyForDeploymentPostprocessing = 0;
		};
		9B0BC87A28D442EB00216482 /* Resources */ = {
			isa = PBXResourcesBuildPhase;
			buildActionMask = 2147483647;
			files = (
			);
			runOnlyForDeploymentPostprocessing = 0;
		};
/* End PBXResourcesBuildPhase section */

/* Begin PBXSourcesBuildPhase section */
		9B0BC85528D442EA00216482 /* Sources */ = {
			isa = PBXSourcesBuildPhase;
			buildActionMask = 2147483647;
			files = (
				9B44120228D7F9000015772F /* TableViewCellFavorites.swift in Sources */,
				9B4411FE28D7F6EC0015772F /* FavoritesViewController.swift in Sources */,
				9B0BC86728D442EA00216482 /* NewProyectTvShow.xcdatamodeld in Sources */,
				9B0BC86128D442EA00216482 /* ViewController.swift in Sources */,
				9B4411FC28D7F4800015772F /* Protocol.swift in Sources */,
				9B4411F528D514E70015772F /* TableViewCellShow.swift in Sources */,
				9B0BC85D28D442EA00216482 /* AppDelegate.swift in Sources */,
				9B0BC85F28D442EA00216482 /* SceneDelegate.swift in Sources */,
				9B4411ED28D50F070015772F /* RequestShow.swift in Sources */,
			);
			runOnlyForDeploymentPostprocessing = 0;
		};
		9B0BC86E28D442EB00216482 /* Sources */ = {
			isa = PBXSourcesBuildPhase;
			buildActionMask = 2147483647;
			files = (
				9B0BC87728D442EB00216482 /* NewProyectTvShowTests.swift in Sources */,
			);
			runOnlyForDeploymentPostprocessing = 0;
		};
		9B0BC87828D442EB00216482 /* Sources */ = {
			isa = PBXSourcesBuildPhase;
			buildActionMask = 2147483647;
			files = (
				9B0BC88128D442EB00216482 /* NewProyectTvShowUITests.swift in Sources */,
				9B0BC88328D442EB00216482 /* NewProyectTvShowUITestsLaunchTests.swift in Sources */,
			);
			runOnlyForDeploymentPostprocessing = 0;
		};
/* End PBXSourcesBuildPhase section */

/* Begin PBXTargetDependency section */
		9B0BC87428D442EB00216482 /* PBXTargetDependency */ = {
			isa = PBXTargetDependency;
			target = 9B0BC85828D442EA00216482 /* NewProyectTvShow */;
			targetProxy = 9B0BC87328D442EB00216482 /* PBXContainerItemProxy */;
		};
		9B0BC87E28D442EB00216482 /* PBXTargetDependency */ = {
			isa = PBXTargetDependency;
			target = 9B0BC85828D442EA00216482 /* NewProyectTvShow */;
			targetProxy = 9B0BC87D28D442EB00216482 /* PBXContainerItemProxy */;
		};
/* End PBXTargetDependency section */

/* Begin PBXVariantGroup section */
		9B0BC86228D442EA00216482 /* Main.storyboard */ = {
			isa = PBXVariantGroup;
			children = (
				9B0BC86328D442EA00216482 /* Base */,
			);
			name = Main.storyboard;
			sourceTree = "<group>";
		};
		9B0BC86A28D442EB00216482 /* LaunchScreen.storyboard */ = {
			isa = PBXVariantGroup;
			children = (
				9B0BC86B28D442EB00216482 /* Base */,
			);
			name = LaunchScreen.storyboard;
			sourceTree = "<group>";
		};
/* End PBXVariantGroup section */

/* Begin XCBuildConfiguration section */
		9B0BC88428D442EB00216482 /* Debug */ = {
			isa = XCBuildConfiguration;
			buildSettings = {
				ALWAYS_SEARCH_USER_PATHS = NO;
				CLANG_ANALYZER_NONNULL = YES;
				CLANG_ANALYZER_NUMBER_OBJECT_CONVERSION = YES_AGGRESSIVE;
				CLANG_CXX_LANGUAGE_STANDARD = "gnu++17";
				CLANG_ENABLE_MODULES = YES;
				CLANG_ENABLE_OBJC_ARC = YES;
				CLANG_ENABLE_OBJC_WEAK = YES;
				CLANG_WARN_BLOCK_CAPTURE_AUTORELEASING = YES;
				CLANG_WARN_BOOL_CONVERSION = YES;
				CLANG_WARN_COMMA = YES;
				CLANG_WARN_CONSTANT_CONVERSION = YES;
				CLANG_WARN_DEPRECATED_OBJC_IMPLEMENTATIONS = YES;
				CLANG_WARN_DIRECT_OBJC_ISA_USAGE = YES_ERROR;
				CLANG_WARN_DOCUMENTATION_COMMENTS = YES;
				CLANG_WARN_EMPTY_BODY = YES;
				CLANG_WARN_ENUM_CONVERSION = YES;
				CLANG_WARN_INFINITE_RECURSION = YES;
				CLANG_WARN_INT_CONVERSION = YES;
				CLANG_WARN_NON_LITERAL_NULL_CONVERSION = YES;
				CLANG_WARN_OBJC_IMPLICIT_RETAIN_SELF = YES;
				CLANG_WARN_OBJC_LITERAL_CONVERSION = YES;
				CLANG_WARN_OBJC_ROOT_CLASS = YES_ERROR;
				CLANG_WARN_QUOTED_INCLUDE_IN_FRAMEWORK_HEADER = YES;
				CLANG_WARN_RANGE_LOOP_ANALYSIS = YES;
				CLANG_WARN_STRICT_PROTOTYPES = YES;
				CLANG_WARN_SUSPICIOUS_MOVE = YES;
				CLANG_WARN_UNGUARDED_AVAILABILITY = YES_AGGRESSIVE;
				CLANG_WARN_UNREACHABLE_CODE = YES;
				CLANG_WARN__DUPLICATE_METHOD_MATCH = YES;
				COPY_PHASE_STRIP = NO;
				DEBUG_INFORMATION_FORMAT = dwarf;
				ENABLE_STRICT_OBJC_MSGSEND = YES;
				ENABLE_TESTABILITY = YES;
				GCC_C_LANGUAGE_STANDARD = gnu11;
				GCC_DYNAMIC_NO_PIC = NO;
				GCC_NO_COMMON_BLOCKS = YES;
				GCC_OPTIMIZATION_LEVEL = 0;
				GCC_PREPROCESSOR_DEFINITIONS = (
					"DEBUG=1",
					"$(inherited)",
				);
				GCC_WARN_64_TO_32_BIT_CONVERSION = YES;
				GCC_WARN_ABOUT_RETURN_TYPE = YES_ERROR;
				GCC_WARN_UNDECLARED_SELECTOR = YES;
				GCC_WARN_UNINITIALIZED_AUTOS = YES_AGGRESSIVE;
				GCC_WARN_UNUSED_FUNCTION = YES;
				GCC_WARN_UNUSED_VARIABLE = YES;
				IPHONEOS_DEPLOYMENT_TARGET = 15.5;
				MTL_ENABLE_DEBUG_INFO = INCLUDE_SOURCE;
				MTL_FAST_MATH = YES;
				ONLY_ACTIVE_ARCH = YES;
				SDKROOT = iphoneos;
				SWIFT_ACTIVE_COMPILATION_CONDITIONS = DEBUG;
				SWIFT_OPTIMIZATION_LEVEL = "-Onone";
			};
			name = Debug;
		};
		9B0BC88528D442EB00216482 /* Release */ = {
			isa = XCBuildConfiguration;
			buildSettings = {
				ALWAYS_SEARCH_USER_PATHS = NO;
				CLANG_ANALYZER_NONNULL = YES;
				CLANG_ANALYZER_NUMBER_OBJECT_CONVERSION = YES_AGGRESSIVE;
				CLANG_CXX_LANGUAGE_STANDARD = "gnu++17";
				CLANG_ENABLE_MODULES = YES;
				CLANG_ENABLE_OBJC_ARC = YES;
				CLANG_ENABLE_OBJC_WEAK = YES;
				CLANG_WARN_BLOCK_CAPTURE_AUTORELEASING = YES;
				CLANG_WARN_BOOL_CONVERSION = YES;
				CLANG_WARN_COMMA = YES;
				CLANG_WARN_CONSTANT_CONVERSION = YES;
				CLANG_WARN_DEPRECATED_OBJC_IMPLEMENTATIONS = YES;
				CLANG_WARN_DIRECT_OBJC_ISA_USAGE = YES_ERROR;
				CLANG_WARN_DOCUMENTATION_COMMENTS = YES;
				CLANG_WARN_EMPTY_BODY = YES;
				CLANG_WARN_ENUM_CONVERSION = YES;
				CLANG_WARN_INFINITE_RECURSION = YES;
				CLANG_WARN_INT_CONVERSION = YES;
				CLANG_WARN_NON_LITERAL_NULL_CONVERSION = YES;
				CLANG_WARN_OBJC_IMPLICIT_RETAIN_SELF = YES;
				CLANG_WARN_OBJC_LITERAL_CONVERSION = YES;
				CLANG_WARN_OBJC_ROOT_CLASS = YES_ERROR;
				CLANG_WARN_QUOTED_INCLUDE_IN_FRAMEWORK_HEADER = YES;
				CLANG_WARN_RANGE_LOOP_ANALYSIS = YES;
				CLANG_WARN_STRICT_PROTOTYPES = YES;
				CLANG_WARN_SUSPICIOUS_MOVE = YES;
				CLANG_WARN_UNGUARDED_AVAILABILITY = YES_AGGRESSIVE;
				CLANG_WARN_UNREACHABLE_CODE = YES;
				CLANG_WARN__DUPLICATE_METHOD_MATCH = YES;
				COPY_PHASE_STRIP = NO;
				DEBUG_INFORMATION_FORMAT = "dwarf-with-dsym";
				ENABLE_NS_ASSERTIONS = NO;
				ENABLE_STRICT_OBJC_MSGSEND = YES;
				GCC_C_LANGUAGE_STANDARD = gnu11;
				GCC_NO_COMMON_BLOCKS = YES;
				GCC_WARN_64_TO_32_BIT_CONVERSION = YES;
				GCC_WARN_ABOUT_RETURN_TYPE = YES_ERROR;
				GCC_WARN_UNDECLARED_SELECTOR = YES;
				GCC_WARN_UNINITIALIZED_AUTOS = YES_AGGRESSIVE;
				GCC_WARN_UNUSED_FUNCTION = YES;
				GCC_WARN_UNUSED_VARIABLE = YES;
				IPHONEOS_DEPLOYMENT_TARGET = 15.5;
				MTL_ENABLE_DEBUG_INFO = NO;
				MTL_FAST_MATH = YES;
				SDKROOT = iphoneos;
				SWIFT_COMPILATION_MODE = wholemodule;
				SWIFT_OPTIMIZATION_LEVEL = "-O";
				VALIDATE_PRODUCT = YES;
			};
			name = Release;
		};
		9B0BC88728D442EB00216482 /* Debug */ = {
			isa = XCBuildConfiguration;
			buildSettings = {
				ASSETCATALOG_COMPILER_APPICON_NAME = AppIcon;
				ASSETCATALOG_COMPILER_GLOBAL_ACCENT_COLOR_NAME = AccentColor;
				CODE_SIGN_STYLE = Automatic;
				CURRENT_PROJECT_VERSION = 1;
				DEVELOPMENT_TEAM = 967L57SGGN;
				GENERATE_INFOPLIST_FILE = YES;
				INFOPLIST_FILE = NewProyectTvShow/Info.plist;
				INFOPLIST_KEY_UIApplicationSupportsIndirectInputEvents = YES;
				INFOPLIST_KEY_UILaunchStoryboardName = LaunchScreen;
				INFOPLIST_KEY_UIMainStoryboardFile = Main;
				INFOPLIST_KEY_UISupportedInterfaceOrientations_iPad = "UIInterfaceOrientationPortrait UIInterfaceOrientationPortraitUpsideDown UIInterfaceOrientationLandscapeLeft UIInterfaceOrientationLandscapeRight";
				INFOPLIST_KEY_UISupportedInterfaceOrientations_iPhone = "UIInterfaceOrientationPortrait UIInterfaceOrientationLandscapeLeft UIInterfaceOrientationLandscapeRight";
				IPHONEOS_DEPLOYMENT_TARGET = 15.5;
				LD_RUNPATH_SEARCH_PATHS = (
					"$(inherited)",
					"@executable_path/Frameworks",
				);
				MARKETING_VERSION = 1.0;
				PRODUCT_BUNDLE_IDENTIFIER = com.NewProyectTvShow.NewProyectTvShow;
				PRODUCT_NAME = "$(TARGET_NAME)";
				SWIFT_EMIT_LOC_STRINGS = YES;
				SWIFT_VERSION = 5.0;
				TARGETED_DEVICE_FAMILY = 1;
			};
			name = Debug;
		};
		9B0BC88828D442EB00216482 /* Release */ = {
			isa = XCBuildConfiguration;
			buildSettings = {
				ASSETCATALOG_COMPILER_APPICON_NAME = AppIcon;
				ASSETCATALOG_COMPILER_GLOBAL_ACCENT_COLOR_NAME = AccentColor;
				CODE_SIGN_STYLE = Automatic;
				CURRENT_PROJECT_VERSION = 1;
				DEVELOPMENT_TEAM = 967L57SGGN;
				GENERATE_INFOPLIST_FILE = YES;
				INFOPLIST_FILE = NewProyectTvShow/Info.plist;
				INFOPLIST_KEY_UIApplicationSupportsIndirectInputEvents = YES;
				INFOPLIST_KEY_UILaunchStoryboardName = LaunchScreen;
				INFOPLIST_KEY_UIMainStoryboardFile = Main;
				INFOPLIST_KEY_UISupportedInterfaceOrientations_iPad = "UIInterfaceOrientationPortrait UIInterfaceOrientationPortraitUpsideDown UIInterfaceOrientationLandscapeLeft UIInterfaceOrientationLandscapeRight";
				INFOPLIST_KEY_UISupportedInterfaceOrientations_iPhone = "UIInterfaceOrientationPortrait UIInterfaceOrientationLandscapeLeft UIInterfaceOrientationLandscapeRight";
				IPHONEOS_DEPLOYMENT_TARGET = 15.5;
				LD_RUNPATH_SEARCH_PATHS = (
					"$(inherited)",
					"@executable_path/Frameworks",
				);
				MARKETING_VERSION = 1.0;
				PRODUCT_BUNDLE_IDENTIFIER = com.NewProyectTvShow.NewProyectTvShow;
				PRODUCT_NAME = "$(TARGET_NAME)";
				SWIFT_EMIT_LOC_STRINGS = YES;
				SWIFT_VERSION = 5.0;
				TARGETED_DEVICE_FAMILY = 1;
			};
			name = Release;
		};
		9B0BC88A28D442EB00216482 /* Debug */ = {
			isa = XCBuildConfiguration;
			buildSettings = {
				ALWAYS_EMBED_SWIFT_STANDARD_LIBRARIES = YES;
				BUNDLE_LOADER = "$(TEST_HOST)";
				CODE_SIGN_STYLE = Automatic;
				CURRENT_PROJECT_VERSION = 1;
				DEVELOPMENT_TEAM = 967L57SGGN;
				GENERATE_INFOPLIST_FILE = YES;
				IPHONEOS_DEPLOYMENT_TARGET = 15.5;
				MARKETING_VERSION = 1.0;
				PRODUCT_BUNDLE_IDENTIFIER = com.NewProyectTvShow.NewProyectTvShowTests;
				PRODUCT_NAME = "$(TARGET_NAME)";
				SWIFT_EMIT_LOC_STRINGS = NO;
				SWIFT_VERSION = 5.0;
				TARGETED_DEVICE_FAMILY = "1,2";
				TEST_HOST = "$(BUILT_PRODUCTS_DIR)/NewProyectTvShow.app/NewProyectTvShow";
			};
			name = Debug;
		};
		9B0BC88B28D442EB00216482 /* Release */ = {
			isa = XCBuildConfiguration;
			buildSettings = {
				ALWAYS_EMBED_SWIFT_STANDARD_LIBRARIES = YES;
				BUNDLE_LOADER = "$(TEST_HOST)";
				CODE_SIGN_STYLE = Automatic;
				CURRENT_PROJECT_VERSION = 1;
				DEVELOPMENT_TEAM = 967L57SGGN;
				GENERATE_INFOPLIST_FILE = YES;
				IPHONEOS_DEPLOYMENT_TARGET = 15.5;
				MARKETING_VERSION = 1.0;
				PRODUCT_BUNDLE_IDENTIFIER = com.NewProyectTvShow.NewProyectTvShowTests;
				PRODUCT_NAME = "$(TARGET_NAME)";
				SWIFT_EMIT_LOC_STRINGS = NO;
				SWIFT_VERSION = 5.0;
				TARGETED_DEVICE_FAMILY = "1,2";
				TEST_HOST = "$(BUILT_PRODUCTS_DIR)/NewProyectTvShow.app/NewProyectTvShow";
			};
			name = Release;
		};
		9B0BC88D28D442EB00216482 /* Debug */ = {
			isa = XCBuildConfiguration;
			buildSettings = {
				ALWAYS_EMBED_SWIFT_STANDARD_LIBRARIES = YES;
				CODE_SIGN_STYLE = Automatic;
				CURRENT_PROJECT_VERSION = 1;
				DEVELOPMENT_TEAM = 967L57SGGN;
				GENERATE_INFOPLIST_FILE = YES;
				MARKETING_VERSION = 1.0;
				PRODUCT_BUNDLE_IDENTIFIER = com.NewProyectTvShow.NewProyectTvShowUITests;
				PRODUCT_NAME = "$(TARGET_NAME)";
				SWIFT_EMIT_LOC_STRINGS = NO;
				SWIFT_VERSION = 5.0;
				TARGETED_DEVICE_FAMILY = "1,2";
				TEST_TARGET_NAME = NewProyectTvShow;
			};
			name = Debug;
		};
		9B0BC88E28D442EB00216482 /* Release */ = {
			isa = XCBuildConfiguration;
			buildSettings = {
				ALWAYS_EMBED_SWIFT_STANDARD_LIBRARIES = YES;
				CODE_SIGN_STYLE = Automatic;
				CURRENT_PROJECT_VERSION = 1;
				DEVELOPMENT_TEAM = 967L57SGGN;
				GENERATE_INFOPLIST_FILE = YES;
				MARKETING_VERSION = 1.0;
				PRODUCT_BUNDLE_IDENTIFIER = com.NewProyectTvShow.NewProyectTvShowUITests;
				PRODUCT_NAME = "$(TARGET_NAME)";
				SWIFT_EMIT_LOC_STRINGS = NO;
				SWIFT_VERSION = 5.0;
				TARGETED_DEVICE_FAMILY = "1,2";
				TEST_TARGET_NAME = NewProyectTvShow;
			};
			name = Release;
		};
/* End XCBuildConfiguration section */

/* Begin XCConfigurationList section */
		9B0BC85428D442EA00216482 /* Build configuration list for PBXProject "NewProyectTvShow" */ = {
			isa = XCConfigurationList;
			buildConfigurations = (
				9B0BC88428D442EB00216482 /* Debug */,
				9B0BC88528D442EB00216482 /* Release */,
			);
			defaultConfigurationIsVisible = 0;
			defaultConfigurationName = Release;
		};
		9B0BC88628D442EB00216482 /* Build configuration list for PBXNativeTarget "NewProyectTvShow" */ = {
			isa = XCConfigurationList;
			buildConfigurations = (
				9B0BC88728D442EB00216482 /* Debug */,
				9B0BC88828D442EB00216482 /* Release */,
			);
			defaultConfigurationIsVisible = 0;
			defaultConfigurationName = Release;
		};
		9B0BC88928D442EB00216482 /* Build configuration list for PBXNativeTarget "NewProyectTvShowTests" */ = {
			isa = XCConfigurationList;
			buildConfigurations = (
				9B0BC88A28D442EB00216482 /* Debug */,
				9B0BC88B28D442EB00216482 /* Release */,
			);
			defaultConfigurationIsVisible = 0;
			defaultConfigurationName = Release;
		};
		9B0BC88C28D442EB00216482 /* Build configuration list for PBXNativeTarget "NewProyectTvShowUITests" */ = {
			isa = XCConfigurationList;
			buildConfigurations = (
				9B0BC88D28D442EB00216482 /* Debug */,
				9B0BC88E28D442EB00216482 /* Release */,
			);
			defaultConfigurationIsVisible = 0;
			defaultConfigurationName = Release;
		};
/* End XCConfigurationList section */

/* Begin XCVersionGroup section */
		9B0BC86528D442EA00216482 /* NewProyectTvShow.xcdatamodeld */ = {
			isa = XCVersionGroup;
			children = (
				9B0BC86628D442EA00216482 /* NewProyectTvShow.xcdatamodel */,
			);
			currentVersion = 9B0BC86628D442EA00216482 /* NewProyectTvShow.xcdatamodel */;
			path = NewProyectTvShow.xcdatamodeld;
			sourceTree = "<group>";
			versionGroupType = wrapper.xcdatamodel;
		};
/* End XCVersionGroup section */
	};
	rootObject = 9B0BC85128D442EA00216482 /* Project object */;
}
